<?xml version="1.0" encoding="utf-8"?>
<Project ToolsVersion="4.0" xmlns="http://schemas.microsoft.com/developer/msbuild/2003">
  <ItemGroup>
    <Filter Include="Source Files">
      <UniqueIdentifier>{4FC737F1-C7A5-4376-A066-2A32D752A2FF}</UniqueIdentifier>
      <Extensions>cpp;c;cc;cxx;c++;cppm;ixx;def;odl;idl;hpj;bat;asm;asmx</Extensions>
    </Filter>
    <Filter Include="Header Files">
      <UniqueIdentifier>{93995380-89BD-4b04-88EB-625FBE52EBFB}</UniqueIdentifier>
      <Extensions>h;hh;hpp;hxx;h++;hm;inl;inc;ipp;xsd</Extensions>
    </Filter>
    <Filter Include="Resource Files">
      <UniqueIdentifier>{67DA6AB6-F800-4c08-8B7A-83BB121AAD01}</UniqueIdentifier>
      <Extensions>rc;ico;cur;bmp;dlg;rc2;rct;bin;rgs;gif;jpg;jpeg;jpe;resx;tiff;tif;png;wav;mfcribbon-ms</Extensions>
    </Filter>
    <Filter Include="Header Files\utils">
      <UniqueIdentifier>{83fb275d-cece-4139-9686-a53a5048d4f1}</UniqueIdentifier>
    </Filter>
    <Filter Include="Source Files\utils">
      <UniqueIdentifier>{cf9fd606-6281-4d64-99e2-7fab0ac9789a}</UniqueIdentifier>
    </Filter>
    <Filter Include="Header Files\TerminalControls">
      <UniqueIdentifier>{0e08b601-7003-48df-aa1d-6c330ebe12bb}</UniqueIdentifier>
    </Filter>
    <Filter Include="Source Files\TerminalControls">
      <UniqueIdentifier>{e9ff8938-8a6e-4e37-a81c-aa06a1f009bc}</UniqueIdentifier>
    </Filter>
  </ItemGroup>
  <ItemGroup>
    <ClCompile Include="terminal-calendar.cpp">
      <Filter>Source Files</Filter>
    </ClCompile>
    <ClCompile Include="TerminalCell.cpp">
      <Filter>Source Files</Filter>
    </ClCompile>
    <ClCompile Include="utils\utf8string.cpp">
      <Filter>Source Files\utils</Filter>
    </ClCompile>
    <ClCompile Include="TerminalApplication.cpp">
      <Filter>Source Files</Filter>
    </ClCompile>
    <ClCompile Include="ListDataProvider.cpp">
      <Filter>Source Files</Filter>
    </ClCompile>
    <ClCompile Include="TerminalControls\TerminalControl.cpp">
      <Filter>Source Files\TerminalControls</Filter>
    </ClCompile>
    <ClCompile Include="TerminalControls\TerminalWindow.cpp">
      <Filter>Source Files\TerminalControls</Filter>
    </ClCompile>
    <ClCompile Include="TerminalControls\TerminalLabel.cpp">
      <Filter>Source Files\TerminalControls</Filter>
    </ClCompile>
    <ClCompile Include="TerminalControls\TerminalCanvas.cpp">
      <Filter>Source Files\TerminalControls</Filter>
    </ClCompile>
    <ClCompile Include="TerminalControls\TerminalRootControl.cpp">
      <Filter>Source Files\TerminalControls</Filter>
    </ClCompile>
    <ClCompile Include="TerminalControls\TerminalLRLabel.cpp">
      <Filter>Source Files\TerminalControls</Filter>
    </ClCompile>
    <ClCompile Include="utils\common.cpp">
      <Filter>Source Files\utils</Filter>
    </ClCompile>
    <ClCompile Include="TerminalControls\TerminalCompositeControl.cpp">
      <Filter>Source Files\TerminalControls</Filter>
    </ClCompile>
  </ItemGroup>
  <ItemGroup>
    <ClInclude Include="utils\common.h">
      <Filter>Header Files\utils</Filter>
    </ClInclude>
    <ClInclude Include="utils\utf8string.h">
      <Filter>Header Files\utils</Filter>
    </ClInclude>
    <ClInclude Include="FontColor.h">
      <Filter>Header Files</Filter>
    </ClInclude>
    <ClInclude Include="TerminalCell.h">
      <Filter>Header Files</Filter>
    </ClInclude>
    <ClInclude Include="BackgroundColor.h">
      <Filter>Header Files</Filter>
    </ClInclude>
    <ClInclude Include="TerminalRectangle.h">
      <Filter>Header Files</Filter>
    </ClInclude>
    <ClInclude Include="TerminalApplication.h">
      <Filter>Header Files</Filter>
    </ClInclude>
    <ClInclude Include="ListDataProvider.h">
      <Filter>Header Files</Filter>
    </ClInclude>
    <ClInclude Include="TerminalControls\TerminalControl.h">
      <Filter>Header Files\TerminalControls</Filter>
    </ClInclude>
    <ClInclude Include="TerminalControls\TerminalWindow.h">
      <Filter>Header Files\TerminalControls</Filter>
    </ClInclude>
    <ClInclude Include="TerminalControls\TerminalLabel.h">
      <Filter>Header Files\TerminalControls</Filter>
    </ClInclude>
    <ClInclude Include="TerminalControls\TerminalCanvas.h">
      <Filter>Header Files\TerminalControls</Filter>
    </ClInclude>
    <ClInclude Include="TerminalControls\TerminalButton.h">
      <Filter>Header Files\TerminalControls</Filter>
    </ClInclude>
    <ClInclude Include="TerminalControls\TerminalRootControl.h">
      <Filter>Header Files\TerminalControls</Filter>
    </ClInclude>
    <ClInclude Include="TerminalControls\TerminalLRLabel.h">
      <Filter>Header Files\TerminalControls</Filter>
    </ClInclude>
    <ClInclude Include="TerminalControls\TerminalCompositeControl.h">
      <Filter>Header Files\TerminalControls</Filter>
    </ClInclude>
  </ItemGroup>
  <ItemGroup>
    <Text Include="TODO.txt" />
  </ItemGroup>
</Project>