<?xml version="1.0" encoding="utf-8"?>
<Project ToolsVersion="4.0" xmlns="http://schemas.microsoft.com/developer/msbuild/2003">
  <ItemGroup>
    <Filter Include="Source Files">
      <UniqueIdentifier>{4FC737F1-C7A5-4376-A066-2A32D752A2FF}</UniqueIdentifier>
      <Extensions>cpp;c;cc;cxx;c++;cppm;ixx;def;odl;idl;hpj;bat;asm;asmx</Extensions>
    </Filter>
    <Filter Include="Header Files">
      <UniqueIdentifier>{93995380-89BD-4b04-88EB-625FBE52EBFB}</UniqueIdentifier>
      <Extensions>h;hh;hpp;hxx;h++;hm;inl;inc;ipp;xsd</Extensions>
    </Filter>
    <Filter Include="Resource Files">
      <UniqueIdentifier>{67DA6AB6-F800-4c08-8B7A-83BB121AAD01}</UniqueIdentifier>
      <Extensions>rc;ico;cur;bmp;dlg;rc2;rct;bin;rgs;gif;jpg;jpeg;jpe;resx;tiff;tif;png;wav;mfcribbon-ms</Extensions>
    </Filter>
    <Filter Include="Header Files\TextFormat">
      <UniqueIdentifier>{a8ca1d59-220b-4107-9150-afb87eb8dc20}</UniqueIdentifier>
    </Filter>
    <Filter Include="Source Files\TextFormat">
      <UniqueIdentifier>{734a3fca-43ad-4558-9a78-3835dc28d8aa}</UniqueIdentifier>
    </Filter>
    <Filter Include="Header Files\BorderFormat">
      <UniqueIdentifier>{79dd5e57-8f49-4f80-a0ee-bbd7539b58da}</UniqueIdentifier>
    </Filter>
    <Filter Include="Source Files\BorderFormat">
      <UniqueIdentifier>{bb655c29-a427-42df-98f1-d4a7df23b25c}</UniqueIdentifier>
    </Filter>
    <Filter Include="Header Files\DataProviders">
      <UniqueIdentifier>{6317d918-638a-41ca-9ae3-3b95f6541d41}</UniqueIdentifier>
    </Filter>
    <Filter Include="Source Files\DataProviders">
      <UniqueIdentifier>{43ff9716-8608-4d9e-b108-e89002fde88c}</UniqueIdentifier>
    </Filter>
  </ItemGroup>
  <ItemGroup>
    <ClInclude Include="TextFormat\BackgroundColor.h">
      <Filter>Header Files\TextFormat</Filter>
    </ClInclude>
    <ClInclude Include="TextFormat\FontColor.h">
      <Filter>Header Files\TextFormat</Filter>
    </ClInclude>
    <ClInclude Include="TextFormat\FormatSettings.h">
      <Filter>Header Files\TextFormat</Filter>
    </ClInclude>
    <ClInclude Include="TextFormat\TextStyle.h">
      <Filter>Header Files\TextFormat</Filter>
    </ClInclude>
    <ClInclude Include="BorderFormat\BorderFormat.h">
      <Filter>Header Files\BorderFormat</Filter>
    </ClInclude>
    <ClInclude Include="DataProviders\ListDataProvider.h">
      <Filter>Header Files\DataProviders</Filter>
    </ClInclude>
    <ClInclude Include="DataProviders\ListViewDataProvider.h">
      <Filter>Header Files\DataProviders</Filter>
    </ClInclude>
  </ItemGroup>
  <ItemGroup>
    <ClCompile Include="TextFormat\FormatSettings.cpp">
      <Filter>Source Files\TextFormat</Filter>
    </ClCompile>
    <ClCompile Include="BorderFormat\BorderFormat.cpp">
      <Filter>Source Files\BorderFormat</Filter>
    </ClCompile>
    <ClCompile Include="DataProviders\ListDataProvider.cpp">
      <Filter>Source Files\DataProviders</Filter>
    </ClCompile>
    <ClCompile Include="DataProviders\ListViewDataProvider.cpp">
      <Filter>Source Files\DataProviders</Filter>
    </ClCompile>
  </ItemGroup>
</Project>