<?xml version="1.0" encoding="utf-8"?>
<Project ToolsVersion="4.0" xmlns="http://schemas.microsoft.com/developer/msbuild/2003">
  <ItemGroup>
    <Filter Include="Source Files">
      <UniqueIdentifier>{4FC737F1-C7A5-4376-A066-2A32D752A2FF}</UniqueIdentifier>
      <Extensions>cpp;c;cc;cxx;c++;cppm;ixx;def;odl;idl;hpj;bat;asm;asmx</Extensions>
    </Filter>
    <Filter Include="Header Files">
      <UniqueIdentifier>{93995380-89BD-4b04-88EB-625FBE52EBFB}</UniqueIdentifier>
      <Extensions>h;hh;hpp;hxx;h++;hm;inl;inc;ipp;xsd</Extensions>
    </Filter>
    <Filter Include="Resource Files">
      <UniqueIdentifier>{67DA6AB6-F800-4c08-8B7A-83BB121AAD01}</UniqueIdentifier>
      <Extensions>rc;ico;cur;bmp;dlg;rc2;rct;bin;rgs;gif;jpg;jpeg;jpe;resx;tiff;tif;png;wav;mfcribbon-ms</Extensions>
    </Filter>
    <Filter Include="Header Files\TextFormat">
      <UniqueIdentifier>{a8ca1d59-220b-4107-9150-afb87eb8dc20}</UniqueIdentifier>
    </Filter>
    <Filter Include="Source Files\TextFormat">
      <UniqueIdentifier>{734a3fca-43ad-4558-9a78-3835dc28d8aa}</UniqueIdentifier>
    </Filter>
    <Filter Include="Header Files\BorderFormat">
      <UniqueIdentifier>{79dd5e57-8f49-4f80-a0ee-bbd7539b58da}</UniqueIdentifier>
    </Filter>
    <Filter Include="Source Files\BorderFormat">
      <UniqueIdentifier>{bb655c29-a427-42df-98f1-d4a7df23b25c}</UniqueIdentifier>
    </Filter>
    <Filter Include="Header Files\DataProviders">
      <UniqueIdentifier>{6317d918-638a-41ca-9ae3-3b95f6541d41}</UniqueIdentifier>
    </Filter>
    <Filter Include="Source Files\DataProviders">
      <UniqueIdentifier>{43ff9716-8608-4d9e-b108-e89002fde88c}</UniqueIdentifier>
    </Filter>
    <Filter Include="Header Files\TerminalGeometry">
      <UniqueIdentifier>{29337e66-3f03-4823-9473-3fe15fc87972}</UniqueIdentifier>
    </Filter>
    <Filter Include="Source Files\TerminalGeometry">
      <UniqueIdentifier>{076ac8a3-68aa-473b-90cd-4b2e389460d7}</UniqueIdentifier>
    </Filter>
    <Filter Include="Header Files\TerminalControls">
      <UniqueIdentifier>{b3dbfdd6-2e32-4e01-8960-77f372a31a24}</UniqueIdentifier>
    </Filter>
    <Filter Include="Source Files\TerminalControls">
      <UniqueIdentifier>{ac39b2c7-cfea-439a-b323-d04bb89deb3a}</UniqueIdentifier>
    </Filter>
    <Filter Include="Header Files\TerminalControls\Labels">
      <UniqueIdentifier>{26ab7425-3d7d-43bd-830b-7ad13c1f0126}</UniqueIdentifier>
    </Filter>
    <Filter Include="Source Files\TerminalControls\Labels">
      <UniqueIdentifier>{292b5aa9-7de7-4a1c-b869-534c23303894}</UniqueIdentifier>
    </Filter>
    <Filter Include="Header Files\TerminalControls\Date">
      <UniqueIdentifier>{e477ba8f-0a67-4614-a5b2-d8c26dcf9528}</UniqueIdentifier>
    </Filter>
    <Filter Include="Source Files\TerminalControls\Date">
      <UniqueIdentifier>{573faaa3-526d-4cf9-a7d5-5661f7b40973}</UniqueIdentifier>
    </Filter>
    <Filter Include="Header Files\Contexts">
      <UniqueIdentifier>{1cb42c57-28f2-476c-ac6f-878988a7dc16}</UniqueIdentifier>
    </Filter>
    <Filter Include="Source Files\Contexts">
      <UniqueIdentifier>{6486a51f-de71-454e-b26c-a14bf9650037}</UniqueIdentifier>
    </Filter>
    <Filter Include="Header Files\Layers">
      <UniqueIdentifier>{974754c2-ecf9-43dd-8d4e-14e13592c386}</UniqueIdentifier>
    </Filter>
    <Filter Include="Source Files\Layers">
      <UniqueIdentifier>{1c1f38a6-4db2-4ba9-b34e-05c67ffdb067}</UniqueIdentifier>
    </Filter>
    <Filter Include="Header Files\TerminalControls\Interfaces">
      <UniqueIdentifier>{ed708af2-2234-46e7-8ed0-e06f2094b34b}</UniqueIdentifier>
    </Filter>
    <Filter Include="Source Files\Interfaces">
      <UniqueIdentifier>{10aa1c90-84b3-4a3a-860d-1b5d3bcd25e7}</UniqueIdentifier>
    </Filter>
  </ItemGroup>
  <ItemGroup>
    <ClInclude Include="TextFormat\BackgroundColor.h">
      <Filter>Header Files\TextFormat</Filter>
    </ClInclude>
    <ClInclude Include="TextFormat\FontColor.h">
      <Filter>Header Files\TextFormat</Filter>
    </ClInclude>
    <ClInclude Include="TextFormat\FormatSettings.h">
      <Filter>Header Files\TextFormat</Filter>
    </ClInclude>
    <ClInclude Include="TextFormat\TextStyle.h">
      <Filter>Header Files\TextFormat</Filter>
    </ClInclude>
    <ClInclude Include="BorderFormat\BorderFormat.h">
      <Filter>Header Files\BorderFormat</Filter>
    </ClInclude>
    <ClInclude Include="DataProviders\ListDataProvider.h">
      <Filter>Header Files\DataProviders</Filter>
    </ClInclude>
    <ClInclude Include="DataProviders\ListViewDataProvider.h">
      <Filter>Header Files\DataProviders</Filter>
    </ClInclude>
    <ClInclude Include="TerminalGeometry\TerminalRectangle.h">
      <Filter>Header Files\TerminalGeometry</Filter>
    </ClInclude>
    <ClInclude Include="TerminalGeometry\TerminalCoord.h">
      <Filter>Header Files\TerminalGeometry</Filter>
    </ClInclude>
    <ClInclude Include="TerminalGeometry\TerminalSize.h">
      <Filter>Header Files\TerminalGeometry</Filter>
    </ClInclude>
    <ClInclude Include="TerminalControls\TerminalControl.h">
      <Filter>Header Files\TerminalControls</Filter>
    </ClInclude>
    <ClInclude Include="TerminalCell.h">
      <Filter>Header Files</Filter>
    </ClInclude>
    <ClInclude Include="TerminalControls\TerminalCompositeControl.h">
      <Filter>Header Files\TerminalControls</Filter>
    </ClInclude>
    <ClInclude Include="TerminalControls\Labels\TerminalLabel.h">
      <Filter>Header Files\TerminalControls\Labels</Filter>
    </ClInclude>
    <ClInclude Include="TerminalControls\Labels\TerminalLabelBase.h">
      <Filter>Header Files\TerminalControls\Labels</Filter>
    </ClInclude>
    <ClInclude Include="TerminalControls\Labels\TerminalLabelDataProvider.h">
      <Filter>Header Files\TerminalControls\Labels</Filter>
    </ClInclude>
    <ClInclude Include="TerminalControls\Labels\TerminalLabelFixedWidth.h">
      <Filter>Header Files\TerminalControls\Labels</Filter>
    </ClInclude>
    <ClInclude Include="TerminalControls\Labels\TerminalLabelSwitcher.h">
      <Filter>Header Files\TerminalControls\Labels</Filter>
    </ClInclude>
    <ClInclude Include="TerminalControls\TerminalButton.h">
      <Filter>Header Files\TerminalControls</Filter>
    </ClInclude>
    <ClInclude Include="TerminalControls\TerminalBorderControl.h">
      <Filter>Header Files\TerminalControls</Filter>
    </ClInclude>
    <ClInclude Include="TerminalControls\TerminalWindow.h">
      <Filter>Header Files\TerminalControls</Filter>
    </ClInclude>
    <ClInclude Include="TerminalControls\TerminalCanvas.h">
      <Filter>Header Files\TerminalControls</Filter>
    </ClInclude>
    <ClInclude Include="TerminalControls\TerminalRootControl.h">
      <Filter>Header Files\TerminalControls</Filter>
    </ClInclude>
    <ClInclude Include="TerminalApplication.h">
      <Filter>Header Files</Filter>
    </ClInclude>
    <ClInclude Include="TerminalControls\TerminalGroupBox.h">
      <Filter>Header Files\TerminalControls</Filter>
    </ClInclude>
    <ClInclude Include="TerminalControls\TerminalCheckBox.h">
      <Filter>Header Files\TerminalControls</Filter>
    </ClInclude>
    <ClInclude Include="TerminalControls\TerminalRadioButton.h">
      <Filter>Header Files\TerminalControls</Filter>
    </ClInclude>
    <ClInclude Include="TerminalControls\TerminalListView.h">
      <Filter>Header Files\TerminalControls</Filter>
    </ClInclude>
    <ClInclude Include="TerminalControls\TerminalVerticalScroll.h">
      <Filter>Header Files\TerminalControls</Filter>
    </ClInclude>
    <ClInclude Include="TerminalControls\TerminalVerticalScrollBar.h">
      <Filter>Header Files\TerminalControls</Filter>
    </ClInclude>
    <ClInclude Include="TerminalControls\TerminalBorderListView.h">
      <Filter>Header Files\TerminalControls</Filter>
    </ClInclude>
    <ClInclude Include="TerminalControls\Date\TerminalMonthBox.h">
      <Filter>Header Files\TerminalControls\Date</Filter>
    </ClInclude>
    <ClInclude Include="DataProviders\ListDataSet.h">
      <Filter>Header Files\DataProviders</Filter>
    </ClInclude>
    <ClInclude Include="DataProviders\ListDynamicDataSet.h">
      <Filter>Header Files\DataProviders</Filter>
    </ClInclude>
    <ClInclude Include="DataProviders\ListDataSetNumSequence.h">
      <Filter>Header Files\DataProviders</Filter>
    </ClInclude>
    <ClInclude Include="DataProviders\ListDataSetBase.h">
      <Filter>Header Files\DataProviders</Filter>
    </ClInclude>
    <ClInclude Include="TerminalControls\TerminalGrid.h">
      <Filter>Header Files\TerminalControls</Filter>
    </ClInclude>
    <ClInclude Include="TerminalControls\Date\TerminalMonthGrid.h">
      <Filter>Header Files\TerminalControls\Date</Filter>
    </ClInclude>
    <ClInclude Include="TerminalControls\TerminalGridCell.h">
      <Filter>Header Files\TerminalControls</Filter>
    </ClInclude>
    <ClInclude Include="Contexts\MouseContext.h">
      <Filter>Header Files\Contexts</Filter>
    </ClInclude>
    <ClInclude Include="Layers\SelectionLayer.h">
      <Filter>Header Files\Layers</Filter>
    </ClInclude>
    <ClInclude Include="Layers\DaysSelectionLayer.h">
      <Filter>Header Files\Layers</Filter>
    </ClInclude>
    <ClInclude Include="TextFormat\RGB.h">
      <Filter>Header Files\TextFormat</Filter>
    </ClInclude>
    <ClInclude Include="GridCellFormatter.h">
      <Filter>Header Files</Filter>
    </ClInclude>
    <ClInclude Include="Contexts\KeyContext.h">
      <Filter>Header Files\Contexts</Filter>
    </ClInclude>
    <ClInclude Include="TerminalControls\TerminalTextBox.h">
      <Filter>Header Files\TerminalControls</Filter>
    </ClInclude>
    <ClInclude Include="TerminalControls\TerminalGridEx.h">
      <Filter>Header Files\TerminalControls</Filter>
    </ClInclude>
    <ClInclude Include="TerminalControls\Interfaces\VerticalScrollableControl.h">
      <Filter>Header Files\TerminalControls\Interfaces</Filter>
    </ClInclude>
  </ItemGroup>
  <ItemGroup>
    <ClCompile Include="TextFormat\FormatSettings.cpp">
      <Filter>Source Files\TextFormat</Filter>
    </ClCompile>
    <ClCompile Include="BorderFormat\BorderFormat.cpp">
      <Filter>Source Files\BorderFormat</Filter>
    </ClCompile>
    <ClCompile Include="DataProviders\ListDataProvider.cpp">
      <Filter>Source Files\DataProviders</Filter>
    </ClCompile>
    <ClCompile Include="DataProviders\ListViewDataProvider.cpp">
      <Filter>Source Files\DataProviders</Filter>
    </ClCompile>
    <ClCompile Include="TerminalGeometry\TerminalRectangle.cpp">
      <Filter>Source Files\TerminalGeometry</Filter>
    </ClCompile>
    <ClCompile Include="TerminalGeometry\TerminalCoord.cpp">
      <Filter>Source Files\TerminalGeometry</Filter>
    </ClCompile>
    <ClCompile Include="TerminalGeometry\TerminalSize.cpp">
      <Filter>Source Files\TerminalGeometry</Filter>
    </ClCompile>
    <ClCompile Include="TerminalControls\TerminalControl.cpp">
      <Filter>Source Files\TerminalControls</Filter>
    </ClCompile>
    <ClCompile Include="TerminalCell.cpp">
      <Filter>Source Files</Filter>
    </ClCompile>
    <ClCompile Include="TerminalControls\TerminalCompositeControl.cpp">
      <Filter>Source Files\TerminalControls</Filter>
    </ClCompile>
    <ClCompile Include="TerminalControls\Labels\TerminalLabel.cpp">
      <Filter>Source Files\TerminalControls\Labels</Filter>
    </ClCompile>
    <ClCompile Include="TerminalControls\Labels\TerminalLabelBase.cpp">
      <Filter>Source Files\TerminalControls\Labels</Filter>
    </ClCompile>
    <ClCompile Include="TerminalControls\Labels\TerminalLabelDataProvider.cpp">
      <Filter>Source Files\TerminalControls\Labels</Filter>
    </ClCompile>
    <ClCompile Include="TerminalControls\Labels\TerminalLabelFixedWidth.cpp">
      <Filter>Source Files\TerminalControls\Labels</Filter>
    </ClCompile>
    <ClCompile Include="TerminalControls\Labels\TerminalLabelSwitcher.cpp">
      <Filter>Source Files\TerminalControls\Labels</Filter>
    </ClCompile>
    <ClCompile Include="TerminalControls\TerminalBorderControl.cpp">
      <Filter>Source Files\TerminalControls</Filter>
    </ClCompile>
    <ClCompile Include="TerminalControls\TerminalWindow.cpp">
      <Filter>Source Files\TerminalControls</Filter>
    </ClCompile>
    <ClCompile Include="TerminalControls\TerminalCanvas.cpp">
      <Filter>Source Files\TerminalControls</Filter>
    </ClCompile>
    <ClCompile Include="TerminalControls\TerminalRootControl.cpp">
      <Filter>Source Files\TerminalControls</Filter>
    </ClCompile>
    <ClCompile Include="TerminalApplication.cpp">
      <Filter>Source Files</Filter>
    </ClCompile>
    <ClCompile Include="TerminalControls\TerminalCheckBox.cpp">
      <Filter>Source Files\TerminalControls</Filter>
    </ClCompile>
    <ClCompile Include="TerminalControls\TerminalRadioButton.cpp">
      <Filter>Source Files\TerminalControls</Filter>
    </ClCompile>
    <ClCompile Include="TerminalControls\TerminalListView.cpp">
      <Filter>Source Files\TerminalControls</Filter>
    </ClCompile>
    <ClCompile Include="TerminalControls\TerminalVerticalScroll.cpp">
      <Filter>Source Files\TerminalControls</Filter>
    </ClCompile>
    <ClCompile Include="TerminalControls\TerminalVerticalScrollBar.cpp">
      <Filter>Source Files\TerminalControls</Filter>
    </ClCompile>
    <ClCompile Include="TerminalControls\TerminalBorderListView.cpp">
      <Filter>Source Files\TerminalControls</Filter>
    </ClCompile>
    <ClCompile Include="TerminalControls\Date\TerminalMonthBox.cpp">
      <Filter>Source Files\TerminalControls\Date</Filter>
    </ClCompile>
    <ClCompile Include="DataProviders\ListDataSet.cpp">
      <Filter>Source Files\DataProviders</Filter>
    </ClCompile>
    <ClCompile Include="DataProviders\ListDynamicDataSet.cpp">
      <Filter>Source Files\DataProviders</Filter>
    </ClCompile>
    <ClCompile Include="DataProviders\ListDataSetNumSequence.cpp">
      <Filter>Source Files\DataProviders</Filter>
    </ClCompile>
    <ClCompile Include="TerminalControls\TerminalGrid.cpp">
      <Filter>Source Files\TerminalControls</Filter>
    </ClCompile>
    <ClCompile Include="TerminalControls\Date\TerminalMonthGrid.cpp">
      <Filter>Source Files\TerminalControls\Date</Filter>
    </ClCompile>
    <ClCompile Include="TerminalControls\TerminalGridCell.cpp">
      <Filter>Source Files\TerminalControls</Filter>
    </ClCompile>
    <ClCompile Include="TerminalControls\TerminalGroupBox.cpp">
      <Filter>Source Files\TerminalControls</Filter>
    </ClCompile>
    <ClCompile Include="Contexts\MouseContext.cpp">
      <Filter>Source Files\Contexts</Filter>
    </ClCompile>
    <ClCompile Include="Layers\SelectionLayer.cpp">
      <Filter>Source Files\Layers</Filter>
    </ClCompile>
    <ClCompile Include="Layers\DaysSelectionLayer.cpp">
      <Filter>Source Files\Layers</Filter>
    </ClCompile>
    <ClCompile Include="TextFormat\RGB.cpp">
      <Filter>Source Files\TextFormat</Filter>
    </ClCompile>
    <ClCompile Include="GridCellFormatter.cpp">
      <Filter>Source Files</Filter>
    </ClCompile>
    <ClCompile Include="Contexts\KeyContext.cpp">
      <Filter>Source Files\Contexts</Filter>
    </ClCompile>
    <ClCompile Include="TerminalControls\TerminalTextBox.cpp">
      <Filter>Source Files\TerminalControls</Filter>
    </ClCompile>
    <ClCompile Include="TerminalControls\TerminalGridEx.cpp">
      <Filter>Source Files\TerminalControls</Filter>
    </ClCompile>
    <ClCompile Include="TerminalControls\Interfaces\VerticalScrollableControl.cpp">
      <Filter>Source Files\Interfaces</Filter>
    </ClCompile>
  </ItemGroup>
</Project>