<?xml version="1.0" encoding="utf-8"?>
<Project ToolsVersion="4.0" xmlns="http://schemas.microsoft.com/developer/msbuild/2003">
  <ItemGroup>
    <Filter Include="Source Files">
      <UniqueIdentifier>{4FC737F1-C7A5-4376-A066-2A32D752A2FF}</UniqueIdentifier>
      <Extensions>cpp;c;cc;cxx;c++;cppm;ixx;def;odl;idl;hpj;bat;asm;asmx</Extensions>
    </Filter>
    <Filter Include="Header Files">
      <UniqueIdentifier>{93995380-89BD-4b04-88EB-625FBE52EBFB}</UniqueIdentifier>
      <Extensions>h;hh;hpp;hxx;h++;hm;inl;inc;ipp;xsd</Extensions>
    </Filter>
    <Filter Include="Resource Files">
      <UniqueIdentifier>{67DA6AB6-F800-4c08-8B7A-83BB121AAD01}</UniqueIdentifier>
      <Extensions>rc;ico;cur;bmp;dlg;rc2;rct;bin;rgs;gif;jpg;jpeg;jpe;resx;tiff;tif;png;wav;mfcribbon-ms</Extensions>
    </Filter>
    <Filter Include="Header Files\TerminalControls">
      <UniqueIdentifier>{0e08b601-7003-48df-aa1d-6c330ebe12bb}</UniqueIdentifier>
    </Filter>
    <Filter Include="Source Files\TerminalControls">
      <UniqueIdentifier>{e9ff8938-8a6e-4e37-a81c-aa06a1f009bc}</UniqueIdentifier>
    </Filter>
  </ItemGroup>
  <ItemGroup>
    <ClCompile Include="demo.cpp">
      <Filter>Source Files</Filter>
    </ClCompile>
    <ClCompile Include="TerminalControls\TerminalListView.cpp">
      <Filter>Source Files\TerminalControls</Filter>
    </ClCompile>
    <ClCompile Include="TerminalControls\TerminalRadioButton.cpp">
      <Filter>Source Files\TerminalControls</Filter>
    </ClCompile>
    <ClCompile Include="TerminalControls\TerminalGroupBox.cpp">
      <Filter>Source Files\TerminalControls</Filter>
    </ClCompile>
    <ClCompile Include="TerminalControls\TerminalCheckBox.cpp">
      <Filter>Source Files\TerminalControls</Filter>
    </ClCompile>
    <ClCompile Include="TerminalControls\TerminalVerticalScrollBar.cpp">
      <Filter>Source Files\TerminalControls</Filter>
    </ClCompile>
    <ClCompile Include="TerminalControls\TerminalBorderListView.cpp">
      <Filter>Source Files\TerminalControls</Filter>
    </ClCompile>
    <ClCompile Include="TerminalControls\TerminalVerticalScroll.cpp">
      <Filter>Source Files\TerminalControls</Filter>
    </ClCompile>
    <ClCompile Include="DemoTerminalApplication.h">
      <Filter>Header Files</Filter>
    </ClCompile>
    <ClCompile Include="DemoTerminalApplication.cpp">
      <Filter>Source Files</Filter>
    </ClCompile>
  </ItemGroup>
  <ItemGroup>
    <ClInclude Include="TerminalControls\TerminalListView.h">
      <Filter>Header Files\TerminalControls</Filter>
    </ClInclude>
    <ClInclude Include="TerminalControls\TerminalGroupBox.h">
      <Filter>Header Files\TerminalControls</Filter>
    </ClInclude>
    <ClInclude Include="TerminalControls\TerminalCheckBox.h">
      <Filter>Header Files\TerminalControls</Filter>
    </ClInclude>
    <ClInclude Include="TerminalControls\TerminalRadioButton.h">
      <Filter>Header Files\TerminalControls</Filter>
    </ClInclude>
    <ClInclude Include="TerminalControls\TerminalVerticalScrollBar.h">
      <Filter>Header Files\TerminalControls</Filter>
    </ClInclude>
    <ClInclude Include="TerminalControls\TerminalBorderListView.h">
      <Filter>Header Files\TerminalControls</Filter>
    </ClInclude>
    <ClInclude Include="TerminalControls\TerminalVerticalScroll.h">
      <Filter>Header Files\TerminalControls</Filter>
    </ClInclude>
  </ItemGroup>
  <ItemGroup>
    <Text Include="TODO.txt" />
  </ItemGroup>
</Project>